
Microsoft Visual Studio Solution File, Format Version 12.00
# Visual Studio 2012
Project("{FAE04EC0-301F-11D3-BF4B-00C04F79EFBC}") = "PeriodicTable", "PeriodicTable\PeriodicTable.csproj", "{A82932AA-D88D-41D9-A96F-E7297801DC2F}"
EndProject
Global
	GlobalSection(SolutionConfigurationPlatforms) = preSolution
		Debug|iPhoneSimulator = Debug|iPhoneSimulator
		Release|iPhoneSimulator = Release|iPhoneSimulator
		Debug|iPhone = Debug|iPhone
		Release|iPhone = Release|iPhone
		Ad-Hoc|iPhone = Ad-Hoc|iPhone
		AppStore|iPhone = AppStore|iPhone
	EndGlobalSection
	GlobalSection(ProjectConfigurationPlatforms) = postSolution
		{A82932AA-D88D-41D9-A96F-E7297801DC2F}.Ad-Hoc|iPhone.ActiveCfg = Ad-Hoc|iPhone
		{A82932AA-D88D-41D9-A96F-E7297801DC2F}.Ad-Hoc|iPhone.Build.0 = Ad-Hoc|iPhone
		{A82932AA-D88D-41D9-A96F-E7297801DC2F}.AppStore|iPhone.ActiveCfg = AppStore|iPhone
		{A82932AA-D88D-41D9-A96F-E7297801DC2F}.AppStore|iPhone.Build.0 = AppStore|iPhone
		{A82932AA-D88D-41D9-A96F-E7297801DC2F}.Debug|iPhone.ActiveCfg = Debug|iPhone
		{A82932AA-D88D-41D9-A96F-E7297801DC2F}.Debug|iPhone.Build.0 = Debug|iPhone
		{A82932AA-D88D-41D9-A96F-E7297801DC2F}.Debug|iPhoneSimulator.ActiveCfg = Debug|iPhoneSimulator
		{A82932AA-D88D-41D9-A96F-E7297801DC2F}.Debug|iPhoneSimulator.Build.0 = Debug|iPhoneSimulator
		{A82932AA-D88D-41D9-A96F-E7297801DC2F}.Release|iPhone.ActiveCfg = Release|iPhone
		{A82932AA-D88D-41D9-A96F-E7297801DC2F}.Release|iPhone.Build.0 = Release|iPhone
		{A82932AA-D88D-41D9-A96F-E7297801DC2F}.Release|iPhoneSimulator.ActiveCfg = Release|iPhoneSimulator
		{A82932AA-D88D-41D9-A96F-E7297801DC2F}.Release|iPhoneSimulator.Build.0 = Release|iPhoneSimulator
	EndGlobalSection
	GlobalSection(MonoDevelopProperties) = preSolution
		StartupItem = PeriodicTable\PeriodicTable.csproj
	EndGlobalSection
EndGlobal
